// !$*UTF8*$!
{
	archiveVersion = 1;
	classes = {
	};
	objectVersion = 50;
	objects = {

/* Begin PBXBuildFile section */
		341C105B27208E2E0039B4B5 /* AppDelegate.swift in Sources */ = {isa = PBXBuildFile; fileRef = 341C105A27208E2E0039B4B5 /* AppDelegate.swift */; };
		341C105D27208E2E0039B4B5 /* SceneDelegate.swift in Sources */ = {isa = PBXBuildFile; fileRef = 341C105C27208E2E0039B4B5 /* SceneDelegate.swift */; };
		341C106527208E2E0039B4B5 /* SideBarPro.xcdatamodeld in Sources */ = {isa = PBXBuildFile; fileRef = 341C106327208E2E0039B4B5 /* SideBarPro.xcdatamodeld */; };
		341C106727208E2F0039B4B5 /* Assets.xcassets in Resources */ = {isa = PBXBuildFile; fileRef = 341C106627208E2F0039B4B5 /* Assets.xcassets */; };
		341C106A27208E2F0039B4B5 /* LaunchScreen.storyboard in Resources */ = {isa = PBXBuildFile; fileRef = 341C106827208E2F0039B4B5 /* LaunchScreen.storyboard */; };
		341C107527208E300039B4B5 /* SideBarProTests.swift in Sources */ = {isa = PBXBuildFile; fileRef = 341C107427208E300039B4B5 /* SideBarProTests.swift */; };
		341C108027208E300039B4B5 /* SideBarProUITests.swift in Sources */ = {isa = PBXBuildFile; fileRef = 341C107F27208E300039B4B5 /* SideBarProUITests.swift */; };
		341C109227208F990039B4B5 /* ContainerController.swift in Sources */ = {isa = PBXBuildFile; fileRef = 341C109127208F990039B4B5 /* ContainerController.swift */; };
		341C109427208FA90039B4B5 /* HomeController.swift in Sources */ = {isa = PBXBuildFile; fileRef = 341C109327208FA90039B4B5 /* HomeController.swift */; };
		341C109627208FB90039B4B5 /* MenuController.swift in Sources */ = {isa = PBXBuildFile; fileRef = 341C109527208FB90039B4B5 /* MenuController.swift */; };
		341C109A27209D870039B4B5 /* Protocols.swift in Sources */ = {isa = PBXBuildFile; fileRef = 341C109927209D870039B4B5 /* Protocols.swift */; };
		341C109C2721E71F0039B4B5 /* MenuOptionCell.swift in Sources */ = {isa = PBXBuildFile; fileRef = 341C109B2721E71F0039B4B5 /* MenuOptionCell.swift */; };
		341C109E2723396C0039B4B5 /* MenuOption.swift in Sources */ = {isa = PBXBuildFile; fileRef = 341C109D2723396C0039B4B5 /* MenuOption.swift */; };
		341C10A027250E080039B4B5 /* SettingsController.swift in Sources */ = {isa = PBXBuildFile; fileRef = 341C109F27250E070039B4B5 /* SettingsController.swift */; };
		341C10A227252A110039B4B5 /* Main.storyboard in Resources */ = {isa = PBXBuildFile; fileRef = 341C10A127252A110039B4B5 /* Main.storyboard */; };
/* End PBXBuildFile section */

/* Begin PBXContainerItemProxy section */
		341C107127208E2F0039B4B5 /* PBXContainerItemProxy */ = {
			isa = PBXContainerItemProxy;
			containerPortal = 341C104F27208E2E0039B4B5 /* Project object */;
			proxyType = 1;
			remoteGlobalIDString = 341C105627208E2E0039B4B5;
			remoteInfo = SideBarPro;
		};
		341C107C27208E300039B4B5 /* PBXContainerItemProxy */ = {
			isa = PBXContainerItemProxy;
			containerPortal = 341C104F27208E2E0039B4B5 /* Project object */;
			proxyType = 1;
			remoteGlobalIDString = 341C105627208E2E0039B4B5;
			remoteInfo = SideBarPro;
		};
/* End PBXContainerItemProxy section */

/* Begin PBXFileReference section */
		341C105727208E2E0039B4B5 /* SideBarPro.app */ = {isa = PBXFileReference; explicitFileType = wrapper.application; includeInIndex = 0; path = SideBarPro.app; sourceTree = BUILT_PRODUCTS_DIR; };
		341C105A27208E2E0039B4B5 /* AppDelegate.swift */ = {isa = PBXFileReference; lastKnownFileType = sourcecode.swift; path = AppDelegate.swift; sourceTree = "<group>"; };
		341C105C27208E2E0039B4B5 /* SceneDelegate.swift */ = {isa = PBXFileReference; lastKnownFileType = sourcecode.swift; path = SceneDelegate.swift; sourceTree = "<group>"; };
		341C106427208E2E0039B4B5 /* SideBarPro.xcdatamodel */ = {isa = PBXFileReference; lastKnownFileType = wrapper.xcdatamodel; path = SideBarPro.xcdatamodel; sourceTree = "<group>"; };
		341C106627208E2F0039B4B5 /* Assets.xcassets */ = {isa = PBXFileReference; lastKnownFileType = folder.assetcatalog; path = Assets.xcassets; sourceTree = "<group>"; };
		341C106927208E2F0039B4B5 /* Base */ = {isa = PBXFileReference; lastKnownFileType = file.storyboard; name = Base; path = Base.lproj/LaunchScreen.storyboard; sourceTree = "<group>"; };
		341C106B27208E2F0039B4B5 /* Info.plist */ = {isa = PBXFileReference; lastKnownFileType = text.plist.xml; path = Info.plist; sourceTree = "<group>"; };
		341C107027208E2F0039B4B5 /* SideBarProTests.xctest */ = {isa = PBXFileReference; explicitFileType = wrapper.cfbundle; includeInIndex = 0; path = SideBarProTests.xctest; sourceTree = BUILT_PRODUCTS_DIR; };
		341C107427208E300039B4B5 /* SideBarProTests.swift */ = {isa = PBXFileReference; lastKnownFileType = sourcecode.swift; path = SideBarProTests.swift; sourceTree = "<group>"; };
		341C107627208E300039B4B5 /* Info.plist */ = {isa = PBXFileReference; lastKnownFileType = text.plist.xml; path = Info.plist; sourceTree = "<group>"; };
		341C107B27208E300039B4B5 /* SideBarProUITests.xctest */ = {isa = PBXFileReference; explicitFileType = wrapper.cfbundle; includeInIndex = 0; path = SideBarProUITests.xctest; sourceTree = BUILT_PRODUCTS_DIR; };
		341C107F27208E300039B4B5 /* SideBarProUITests.swift */ = {isa = PBXFileReference; lastKnownFileType = sourcecode.swift; path = SideBarProUITests.swift; sourceTree = "<group>"; };
		341C108127208E300039B4B5 /* Info.plist */ = {isa = PBXFileReference; lastKnownFileType = text.plist.xml; path = Info.plist; sourceTree = "<group>"; };
		341C109127208F990039B4B5 /* ContainerController.swift */ = {isa = PBXFileReference; lastKnownFileType = sourcecode.swift; path = ContainerController.swift; sourceTree = "<group>"; };
		341C109327208FA90039B4B5 /* HomeController.swift */ = {isa = PBXFileReference; lastKnownFileType = sourcecode.swift; path = HomeController.swift; sourceTree = "<group>"; };
		341C109527208FB90039B4B5 /* MenuController.swift */ = {isa = PBXFileReference; lastKnownFileType = sourcecode.swift; path = MenuController.swift; sourceTree = "<group>"; };
		341C109927209D870039B4B5 /* Protocols.swift */ = {isa = PBXFileReference; lastKnownFileType = sourcecode.swift; path = Protocols.swift; sourceTree = "<group>"; };
		341C109B2721E71F0039B4B5 /* MenuOptionCell.swift */ = {isa = PBXFileReference; lastKnownFileType = sourcecode.swift; path = MenuOptionCell.swift; sourceTree = "<group>"; };
		341C109D2723396C0039B4B5 /* MenuOption.swift */ = {isa = PBXFileReference; lastKnownFileType = sourcecode.swift; path = MenuOption.swift; sourceTree = "<group>"; };
		341C109F27250E070039B4B5 /* SettingsController.swift */ = {isa = PBXFileReference; lastKnownFileType = sourcecode.swift; path = SettingsController.swift; sourceTree = "<group>"; };
		341C10A127252A110039B4B5 /* Main.storyboard */ = {isa = PBXFileReference; fileEncoding = 4; lastKnownFileType = file.storyboard; path = Main.storyboard; sourceTree = "<group>"; };
/* End PBXFileReference section */

/* Begin PBXFrameworksBuildPhase section */
		341C105427208E2E0039B4B5 /* Frameworks */ = {
			isa = PBXFrameworksBuildPhase;
			buildActionMask = 2147483647;
			files = (
			);
			runOnlyForDeploymentPostprocessing = 0;
		};
		341C106D27208E2F0039B4B5 /* Frameworks */ = {
			isa = PBXFrameworksBuildPhase;
			buildActionMask = 2147483647;
			files = (
			);
			runOnlyForDeploymentPostprocessing = 0;
		};
		341C107827208E300039B4B5 /* Frameworks */ = {
			isa = PBXFrameworksBuildPhase;
			buildActionMask = 2147483647;
			files = (
			);
			runOnlyForDeploymentPostprocessing = 0;
		};
/* End PBXFrameworksBuildPhase section */

/* Begin PBXGroup section */
		341C104E27208E2E0039B4B5 = {
			isa = PBXGroup;
			children = (
				341C105927208E2E0039B4B5 /* SideBarPro */,
				341C107327208E300039B4B5 /* SideBarProTests */,
				341C107E27208E300039B4B5 /* SideBarProUITests */,
				341C105827208E2E0039B4B5 /* Products */,
			);
			sourceTree = "<group>";
		};
		341C105827208E2E0039B4B5 /* Products */ = {
			isa = PBXGroup;
			children = (
				341C105727208E2E0039B4B5 /* SideBarPro.app */,
				341C107027208E2F0039B4B5 /* SideBarProTests.xctest */,
				341C107B27208E300039B4B5 /* SideBarProUITests.xctest */,
			);
			name = Products;
			sourceTree = "<group>";
		};
		341C105927208E2E0039B4B5 /* SideBarPro */ = {
			isa = PBXGroup;
			children = (
				341C109027208E570039B4B5 /* view */,
				341C108F27208E500039B4B5 /* controller */,
				341C108E27208E480039B4B5 /* model */,
				341C108D27208E410039B4B5 /* utils */,
				341C105A27208E2E0039B4B5 /* AppDelegate.swift */,
				341C10A127252A110039B4B5 /* Main.storyboard */,
				341C105C27208E2E0039B4B5 /* SceneDelegate.swift */,
				341C106627208E2F0039B4B5 /* Assets.xcassets */,
				341C106827208E2F0039B4B5 /* LaunchScreen.storyboard */,
				341C106B27208E2F0039B4B5 /* Info.plist */,
				341C106327208E2E0039B4B5 /* SideBarPro.xcdatamodeld */,
			);
			path = SideBarPro;
			sourceTree = "<group>";
		};
		341C107327208E300039B4B5 /* SideBarProTests */ = {
			isa = PBXGroup;
			children = (
				341C107427208E300039B4B5 /* SideBarProTests.swift */,
				341C107627208E300039B4B5 /* Info.plist */,
			);
			path = SideBarProTests;
			sourceTree = "<group>";
		};
		341C107E27208E300039B4B5 /* SideBarProUITests */ = {
			isa = PBXGroup;
			children = (
				341C107F27208E300039B4B5 /* SideBarProUITests.swift */,
				341C108127208E300039B4B5 /* Info.plist */,
			);
			path = SideBarProUITests;
			sourceTree = "<group>";
		};
		341C108D27208E410039B4B5 /* utils */ = {
			isa = PBXGroup;
			children = (
				341C109927209D870039B4B5 /* Protocols.swift */,
			);
			path = utils;
			sourceTree = "<group>";
		};
		341C108E27208E480039B4B5 /* model */ = {
			isa = PBXGroup;
			children = (
				341C109D2723396C0039B4B5 /* MenuOption.swift */,
			);
			path = model;
			sourceTree = "<group>";
		};
		341C108F27208E500039B4B5 /* controller */ = {
			isa = PBXGroup;
			children = (
				341C109127208F990039B4B5 /* ContainerController.swift */,
				341C109327208FA90039B4B5 /* HomeController.swift */,
				341C109527208FB90039B4B5 /* MenuController.swift */,
				341C109F27250E070039B4B5 /* SettingsController.swift */,
			);
			path = controller;
			sourceTree = "<group>";
		};
		341C109027208E570039B4B5 /* view */ = {
			isa = PBXGroup;
			children = (
				341C109B2721E71F0039B4B5 /* MenuOptionCell.swift */,
			);
			path = view;
			sourceTree = "<group>";
		};
/* End PBXGroup section */

/* Begin PBXNativeTarget section */
		341C105627208E2E0039B4B5 /* SideBarPro */ = {
			isa = PBXNativeTarget;
			buildConfigurationList = 341C108427208E300039B4B5 /* Build configuration list for PBXNativeTarget "SideBarPro" */;
			buildPhases = (
				341C105327208E2E0039B4B5 /* Sources */,
				341C105427208E2E0039B4B5 /* Frameworks */,
				341C105527208E2E0039B4B5 /* Resources */,
			);
			buildRules = (
			);
			dependencies = (
			);
			name = SideBarPro;
			productName = SideBarPro;
			productReference = 341C105727208E2E0039B4B5 /* SideBarPro.app */;
			productType = "com.apple.product-type.application";
		};
		341C106F27208E2F0039B4B5 /* SideBarProTests */ = {
			isa = PBXNativeTarget;
			buildConfigurationList = 341C108727208E300039B4B5 /* Build configuration list for PBXNativeTarget "SideBarProTests" */;
			buildPhases = (
				341C106C27208E2F0039B4B5 /* Sources */,
				341C106D27208E2F0039B4B5 /* Frameworks */,
				341C106E27208E2F0039B4B5 /* Resources */,
			);
			buildRules = (
			);
			dependencies = (
				341C107227208E2F0039B4B5 /* PBXTargetDependency */,
			);
			name = SideBarProTests;
			productName = SideBarProTests;
			productReference = 341C107027208E2F0039B4B5 /* SideBarProTests.xctest */;
			productType = "com.apple.product-type.bundle.unit-test";
		};
		341C107A27208E300039B4B5 /* SideBarProUITests */ = {
			isa = PBXNativeTarget;
			buildConfigurationList = 341C108A27208E300039B4B5 /* Build configuration list for PBXNativeTarget "SideBarProUITests" */;
			buildPhases = (
				341C107727208E300039B4B5 /* Sources */,
				341C107827208E300039B4B5 /* Frameworks */,
				341C107927208E300039B4B5 /* Resources */,
			);
			buildRules = (
			);
			dependencies = (
				341C107D27208E300039B4B5 /* PBXTargetDependency */,
			);
			name = SideBarProUITests;
			productName = SideBarProUITests;
			productReference = 341C107B27208E300039B4B5 /* SideBarProUITests.xctest */;
			productType = "com.apple.product-type.bundle.ui-testing";
		};
/* End PBXNativeTarget section */

/* Begin PBXProject section */
		341C104F27208E2E0039B4B5 /* Project object */ = {
			isa = PBXProject;
			attributes = {
				LastSwiftUpdateCheck = 1250;
				LastUpgradeCheck = 1250;
				TargetAttributes = {
					341C105627208E2E0039B4B5 = {
						CreatedOnToolsVersion = 12.5.1;
					};
					341C106F27208E2F0039B4B5 = {
						CreatedOnToolsVersion = 12.5.1;
						TestTargetID = 341C105627208E2E0039B4B5;
					};
					341C107A27208E300039B4B5 = {
						CreatedOnToolsVersion = 12.5.1;
						TestTargetID = 341C105627208E2E0039B4B5;
					};
				};
			};
			buildConfigurationList = 341C105227208E2E0039B4B5 /* Build configuration list for PBXProject "SideBarPro" */;
			compatibilityVersion = "Xcode 9.3";
			developmentRegion = en;
			hasScannedForEncodings = 0;
			knownRegions = (
				en,
				Base,
			);
			mainGroup = 341C104E27208E2E0039B4B5;
			productRefGroup = 341C105827208E2E0039B4B5 /* Products */;
			projectDirPath = "";
			projectRoot = "";
			targets = (
				341C105627208E2E0039B4B5 /* SideBarPro */,
				341C106F27208E2F0039B4B5 /* SideBarProTests */,
				341C107A27208E300039B4B5 /* SideBarProUITests */,
			);
		};
/* End PBXProject section */

/* Begin PBXResourcesBuildPhase section */
		341C105527208E2E0039B4B5 /* Resources */ = {
			isa = PBXResourcesBuildPhase;
			buildActionMask = 2147483647;
			files = (
				341C106A27208E2F0039B4B5 /* LaunchScreen.storyboard in Resources */,
				341C106727208E2F0039B4B5 /* Assets.xcassets in Resources */,
				341C10A227252A110039B4B5 /* Main.storyboard in Resources */,
			);
			runOnlyForDeploymentPostprocessing = 0;
		};
		341C106E27208E2F0039B4B5 /* Resources */ = {
			isa = PBXResourcesBuildPhase;
			buildActionMask = 2147483647;
			files = (
			);
			runOnlyForDeploymentPostprocessing = 0;
		};
		341C107927208E300039B4B5 /* Resources */ = {
			isa = PBXResourcesBuildPhase;
			buildActionMask = 2147483647;
			files = (
			);
			runOnlyForDeploymentPostprocessing = 0;
		};
/* End PBXResourcesBuildPhase section */

/* Begin PBXSourcesBuildPhase section */
		341C105327208E2E0039B4B5 /* Sources */ = {
			isa = PBXSourcesBuildPhase;
			buildActionMask = 2147483647;
			files = (
				341C109627208FB90039B4B5 /* MenuController.swift in Sources */,
				341C109227208F990039B4B5 /* ContainerController.swift in Sources */,
				341C109A27209D870039B4B5 /* Protocols.swift in Sources */,
				341C109427208FA90039B4B5 /* HomeController.swift in Sources */,
				341C109E2723396C0039B4B5 /* MenuOption.swift in Sources */,
				341C105B27208E2E0039B4B5 /* AppDelegate.swift in Sources */,
				341C10A027250E080039B4B5 /* SettingsController.swift in Sources */,
				341C109C2721E71F0039B4B5 /* MenuOptionCell.swift in Sources */,
				341C106527208E2E0039B4B5 /* SideBarPro.xcdatamodeld in Sources */,
				341C105D27208E2E0039B4B5 /* SceneDelegate.swift in Sources */,
			);
			runOnlyForDeploymentPostprocessing = 0;
		};
		341C106C27208E2F0039B4B5 /* Sources */ = {
			isa = PBXSourcesBuildPhase;
			buildActionMask = 2147483647;
			files = (
				341C107527208E300039B4B5 /* SideBarProTests.swift in Sources */,
			);
			runOnlyForDeploymentPostprocessing = 0;
		};
		341C107727208E300039B4B5 /* Sources */ = {
			isa = PBXSourcesBuildPhase;
			buildActionMask = 2147483647;
			files = (
				341C108027208E300039B4B5 /* SideBarProUITests.swift in Sources */,
			);
			runOnlyForDeploymentPostprocessing = 0;
		};
/* End PBXSourcesBuildPhase section */

/* Begin PBXTargetDependency section */
		341C107227208E2F0039B4B5 /* PBXTargetDependency */ = {
			isa = PBXTargetDependency;
			target = 341C105627208E2E0039B4B5 /* SideBarPro */;
			targetProxy = 341C107127208E2F0039B4B5 /* PBXContainerItemProxy */;
		};
		341C107D27208E300039B4B5 /* PBXTargetDependency */ = {
			isa = PBXTargetDependency;
			target = 341C105627208E2E0039B4B5 /* SideBarPro */;
			targetProxy = 341C107C27208E300039B4B5 /* PBXContainerItemProxy */;
		};
/* End PBXTargetDependency section */

/* Begin PBXVariantGroup section */
		341C106827208E2F0039B4B5 /* LaunchScreen.storyboard */ = {
			isa = PBXVariantGroup;
			children = (
				341C106927208E2F0039B4B5 /* Base */,
			);
			name = LaunchScreen.storyboard;
			sourceTree = "<group>";
		};
/* End PBXVariantGroup section */

/* Begin XCBuildConfiguration section */
		341C108227208E300039B4B5 /* Debug */ = {
			isa = XCBuildConfiguration;
			buildSettings = {
				ALWAYS_SEARCH_USER_PATHS = NO;
				CLANG_ANALYZER_NONNULL = YES;
				CLANG_ANALYZER_NUMBER_OBJECT_CONVERSION = YES_AGGRESSIVE;
				CLANG_CXX_LANGUAGE_STANDARD = "gnu++14";
				CLANG_CXX_LIBRARY = "libc++";
				CLANG_ENABLE_MODULES = YES;
				CLANG_ENABLE_OBJC_ARC = YES;
				CLANG_ENABLE_OBJC_WEAK = YES;
				CLANG_WARN_BLOCK_CAPTURE_AUTORELEASING = YES;
				CLANG_WARN_BOOL_CONVERSION = YES;
				CLANG_WARN_COMMA = YES;
				CLANG_WARN_CONSTANT_CONVERSION = YES;
				CLANG_WARN_DEPRECATED_OBJC_IMPLEMENTATIONS = YES;
				CLANG_WARN_DIRECT_OBJC_ISA_USAGE = YES_ERROR;
				CLANG_WARN_DOCUMENTATION_COMMENTS = YES;
				CLANG_WARN_EMPTY_BODY = YES;
				CLANG_WARN_ENUM_CONVERSION = YES;
				CLANG_WARN_INFINITE_RECURSION = YES;
				CLANG_WARN_INT_CONVERSION = YES;
				CLANG_WARN_NON_LITERAL_NULL_CONVERSION = YES;
				CLANG_WARN_OBJC_IMPLICIT_RETAIN_SELF = YES;
				CLANG_WARN_OBJC_LITERAL_CONVERSION = YES;
				CLANG_WARN_OBJC_ROOT_CLASS = YES_ERROR;
				CLANG_WARN_QUOTED_INCLUDE_IN_FRAMEWORK_HEADER = YES;
				CLANG_WARN_RANGE_LOOP_ANALYSIS = YES;
				CLANG_WARN_STRICT_PROTOTYPES = YES;
				CLANG_WARN_SUSPICIOUS_MOVE = YES;
				CLANG_WARN_UNGUARDED_AVAILABILITY = YES_AGGRESSIVE;
				CLANG_WARN_UNREACHABLE_CODE = YES;
				CLANG_WARN__DUPLICATE_METHOD_MATCH = YES;
				COPY_PHASE_STRIP = NO;
				DEBUG_INFORMATION_FORMAT = dwarf;
				ENABLE_STRICT_OBJC_MSGSEND = YES;
				ENABLE_TESTABILITY = YES;
				GCC_C_LANGUAGE_STANDARD = gnu11;
				GCC_DYNAMIC_NO_PIC = NO;
				GCC_NO_COMMON_BLOCKS = YES;
				GCC_OPTIMIZATION_LEVEL = 0;
				GCC_PREPROCESSOR_DEFINITIONS = (
					"DEBUG=1",
					"$(inherited)",
				);
				GCC_WARN_64_TO_32_BIT_CONVERSION = YES;
				GCC_WARN_ABOUT_RETURN_TYPE = YES_ERROR;
				GCC_WARN_UNDECLARED_SELECTOR = YES;
				GCC_WARN_UNINITIALIZED_AUTOS = YES_AGGRESSIVE;
				GCC_WARN_UNUSED_FUNCTION = YES;
				GCC_WARN_UNUSED_VARIABLE = YES;
				IPHONEOS_DEPLOYMENT_TARGET = 14.5;
				MTL_ENABLE_DEBUG_INFO = INCLUDE_SOURCE;
				MTL_FAST_MATH = YES;
				ONLY_ACTIVE_ARCH = YES;
				SDKROOT = iphoneos;
				SWIFT_ACTIVE_COMPILATION_CONDITIONS = DEBUG;
				SWIFT_OPTIMIZATION_LEVEL = "-Onone";
			};
			name = Debug;
		};
		341C108327208E300039B4B5 /* Release */ = {
			isa = XCBuildConfiguration;
			buildSettings = {
				ALWAYS_SEARCH_USER_PATHS = NO;
				CLANG_ANALYZER_NONNULL = YES;
				CLANG_ANALYZER_NUMBER_OBJECT_CONVERSION = YES_AGGRESSIVE;
				CLANG_CXX_LANGUAGE_STANDARD = "gnu++14";
				CLANG_CXX_LIBRARY = "libc++";
				CLANG_ENABLE_MODULES = YES;
				CLANG_ENABLE_OBJC_ARC = YES;
				CLANG_ENABLE_OBJC_WEAK = YES;
				CLANG_WARN_BLOCK_CAPTURE_AUTORELEASING = YES;
				CLANG_WARN_BOOL_CONVERSION = YES;
				CLANG_WARN_COMMA = YES;
				CLANG_WARN_CONSTANT_CONVERSION = YES;
				CLANG_WARN_DEPRECATED_OBJC_IMPLEMENTATIONS = YES;
				CLANG_WARN_DIRECT_OBJC_ISA_USAGE = YES_ERROR;
				CLANG_WARN_DOCUMENTATION_COMMENTS = YES;
				CLANG_WARN_EMPTY_BODY = YES;
				CLANG_WARN_ENUM_CONVERSION = YES;
				CLANG_WARN_INFINITE_RECURSION = YES;
				CLANG_WARN_INT_CONVERSION = YES;
				CLANG_WARN_NON_LITERAL_NULL_CONVERSION = YES;
				CLANG_WARN_OBJC_IMPLICIT_RETAIN_SELF = YES;
				CLANG_WARN_OBJC_LITERAL_CONVERSION = YES;
				CLANG_WARN_OBJC_ROOT_CLASS = YES_ERROR;
				CLANG_WARN_QUOTED_INCLUDE_IN_FRAMEWORK_HEADER = YES;
				CLANG_WARN_RANGE_LOOP_ANALYSIS = YES;
				CLANG_WARN_STRICT_PROTOTYPES = YES;
				CLANG_WARN_SUSPICIOUS_MOVE = YES;
				CLANG_WARN_UNGUARDED_AVAILABILITY = YES_AGGRESSIVE;
				CLANG_WARN_UNREACHABLE_CODE = YES;
				CLANG_WARN__DUPLICATE_METHOD_MATCH = YES;
				COPY_PHASE_STRIP = NO;
				DEBUG_INFORMATION_FORMAT = "dwarf-with-dsym";
				ENABLE_NS_ASSERTIONS = NO;
				ENABLE_STRICT_OBJC_MSGSEND = YES;
				GCC_C_LANGUAGE_STANDARD = gnu11;
				GCC_NO_COMMON_BLOCKS = YES;
				GCC_WARN_64_TO_32_BIT_CONVERSION = YES;
				GCC_WARN_ABOUT_RETURN_TYPE = YES_ERROR;
				GCC_WARN_UNDECLARED_SELECTOR = YES;
				GCC_WARN_UNINITIALIZED_AUTOS = YES_AGGRESSIVE;
				GCC_WARN_UNUSED_FUNCTION = YES;
				GCC_WARN_UNUSED_VARIABLE = YES;
				IPHONEOS_DEPLOYMENT_TARGET = 14.5;
				MTL_ENABLE_DEBUG_INFO = NO;
				MTL_FAST_MATH = YES;
				SDKROOT = iphoneos;
				SWIFT_COMPILATION_MODE = wholemodule;
				SWIFT_OPTIMIZATION_LEVEL = "-O";
				VALIDATE_PRODUCT = YES;
			};
			name = Release;
		};
		341C108527208E300039B4B5 /* Debug */ = {
			isa = XCBuildConfiguration;
			buildSettings = {
				ASSETCATALOG_COMPILER_APPICON_NAME = AppIcon;
				ASSETCATALOG_COMPILER_GLOBAL_ACCENT_COLOR_NAME = AccentColor;
				CODE_SIGN_STYLE = Automatic;
				DEVELOPMENT_TEAM = R56999TGTG;
				INFOPLIST_FILE = SideBarPro/Info.plist;
				LD_RUNPATH_SEARCH_PATHS = (
					"$(inherited)",
					"@executable_path/Frameworks",
				);
				PRODUCT_BUNDLE_IDENTIFIER = BakytDzhumabaev.SideBarPro;
				PRODUCT_NAME = "$(TARGET_NAME)";
				SWIFT_VERSION = 5.0;
				TARGETED_DEVICE_FAMILY = "1,2";
			};
			name = Debug;
		};
		341C108627208E300039B4B5 /* Release */ = {
			isa = XCBuildConfiguration;
			buildSettings = {
				ASSETCATALOG_COMPILER_APPICON_NAME = AppIcon;
				ASSETCATALOG_COMPILER_GLOBAL_ACCENT_COLOR_NAME = AccentColor;
				CODE_SIGN_STYLE = Automatic;
				DEVELOPMENT_TEAM = R56999TGTG;
				INFOPLIST_FILE = SideBarPro/Info.plist;
				LD_RUNPATH_SEARCH_PATHS = (
					"$(inherited)",
					"@executable_path/Frameworks",
				);
				PRODUCT_BUNDLE_IDENTIFIER = BakytDzhumabaev.SideBarPro;
				PRODUCT_NAME = "$(TARGET_NAME)";
				SWIFT_VERSION = 5.0;
				TARGETED_DEVICE_FAMILY = "1,2";
			};
			name = Release;
		};
		341C108827208E300039B4B5 /* Debug */ = {
			isa = XCBuildConfiguration;
			buildSettings = {
				ALWAYS_EMBED_SWIFT_STANDARD_LIBRARIES = YES;
				BUNDLE_LOADER = "$(TEST_HOST)";
				CODE_SIGN_STYLE = Automatic;
				DEVELOPMENT_TEAM = R56999TGTG;
				INFOPLIST_FILE = SideBarProTests/Info.plist;
				IPHONEOS_DEPLOYMENT_TARGET = 14.5;
				LD_RUNPATH_SEARCH_PATHS = (
					"$(inherited)",
					"@executable_path/Frameworks",
					"@loader_path/Frameworks",
				);
				PRODUCT_BUNDLE_IDENTIFIER = BakytDzhumabaev.SideBarProTests;
				PRODUCT_NAME = "$(TARGET_NAME)";
				SWIFT_VERSION = 5.0;
				TARGETED_DEVICE_FAMILY = "1,2";
				TEST_HOST = "$(BUILT_PRODUCTS_DIR)/SideBarPro.app/SideBarPro";
			};
			name = Debug;
		};
		341C108927208E300039B4B5 /* Release */ = {
			isa = XCBuildConfiguration;
			buildSettings = {
				ALWAYS_EMBED_SWIFT_STANDARD_LIBRARIES = YES;
				BUNDLE_LOADER = "$(TEST_HOST)";
				CODE_SIGN_STYLE = Automatic;
				DEVELOPMENT_TEAM = R56999TGTG;
				INFOPLIST_FILE = SideBarProTests/Info.plist;
				IPHONEOS_DEPLOYMENT_TARGET = 14.5;
				LD_RUNPATH_SEARCH_PATHS = (
					"$(inherited)",
					"@executable_path/Frameworks",
					"@loader_path/Frameworks",
				);
				PRODUCT_BUNDLE_IDENTIFIER = BakytDzhumabaev.SideBarProTests;
				PRODUCT_NAME = "$(TARGET_NAME)";
				SWIFT_VERSION = 5.0;
				TARGETED_DEVICE_FAMILY = "1,2";
				TEST_HOST = "$(BUILT_PRODUCTS_DIR)/SideBarPro.app/SideBarPro";
			};
			name = Release;
		};
		341C108B27208E300039B4B5 /* Debug */ = {
			isa = XCBuildConfiguration;
			buildSettings = {
				ALWAYS_EMBED_SWIFT_STANDARD_LIBRARIES = YES;
				CODE_SIGN_STYLE = Automatic;
				DEVELOPMENT_TEAM = R56999TGTG;
				INFOPLIST_FILE = SideBarProUITests/Info.plist;
				LD_RUNPATH_SEARCH_PATHS = (
					"$(inherited)",
					"@executable_path/Frameworks",
					"@loader_path/Frameworks",
				);
				PRODUCT_BUNDLE_IDENTIFIER = BakytDzhumabaev.SideBarProUITests;
				PRODUCT_NAME = "$(TARGET_NAME)";
				SWIFT_VERSION = 5.0;
				TARGETED_DEVICE_FAMILY = "1,2";
				TEST_TARGET_NAME = SideBarPro;
			};
			name = Debug;
		};
		341C108C27208E300039B4B5 /* Release */ = {
			isa = XCBuildConfiguration;
			buildSettings = {
				ALWAYS_EMBED_SWIFT_STANDARD_LIBRARIES = YES;
				CODE_SIGN_STYLE = Automatic;
				DEVELOPMENT_TEAM = R56999TGTG;
				INFOPLIST_FILE = SideBarProUITests/Info.plist;
				LD_RUNPATH_SEARCH_PATHS = (
					"$(inherited)",
					"@executable_path/Frameworks",
					"@loader_path/Frameworks",
				);
				PRODUCT_BUNDLE_IDENTIFIER = BakytDzhumabaev.SideBarProUITests;
				PRODUCT_NAME = "$(TARGET_NAME)";
				SWIFT_VERSION = 5.0;
				TARGETED_DEVICE_FAMILY = "1,2";
				TEST_TARGET_NAME = SideBarPro;
			};
			name = Release;
		};
/* End XCBuildConfiguration section */

/* Begin XCConfigurationList section */
		341C105227208E2E0039B4B5 /* Build configuration list for PBXProject "SideBarPro" */ = {
			isa = XCConfigurationList;
			buildConfigurations = (
				341C108227208E300039B4B5 /* Debug */,
				341C108327208E300039B4B5 /* Release */,
			);
			defaultConfigurationIsVisible = 0;
			defaultConfigurationName = Release;
		};
		341C108427208E300039B4B5 /* Build configuration list for PBXNativeTarget "SideBarPro" */ = {
			isa = XCConfigurationList;
			buildConfigurations = (
				341C108527208E300039B4B5 /* Debug */,
				341C108627208E300039B4B5 /* Release */,
			);
			defaultConfigurationIsVisible = 0;
			defaultConfigurationName = Release;
		};
		341C108727208E300039B4B5 /* Build configuration list for PBXNativeTarget "SideBarProTests" */ = {
			isa = XCConfigurationList;
			buildConfigurations = (
				341C108827208E300039B4B5 /* Debug */,
				341C108927208E300039B4B5 /* Release */,
			);
			defaultConfigurationIsVisible = 0;
			defaultConfigurationName = Release;
		};
		341C108A27208E300039B4B5 /* Build configuration list for PBXNativeTarget "SideBarProUITests" */ = {
			isa = XCConfigurationList;
			buildConfigurations = (
				341C108B27208E300039B4B5 /* Debug */,
				341C108C27208E300039B4B5 /* Release */,
			);
			defaultConfigurationIsVisible = 0;
			defaultConfigurationName = Release;
		};
/* End XCConfigurationList section */

/* Begin XCVersionGroup section */
		341C106327208E2E0039B4B5 /* SideBarPro.xcdatamodeld */ = {
			isa = XCVersionGroup;
			children = (
				341C106427208E2E0039B4B5 /* SideBarPro.xcdatamodel */,
			);
			currentVersion = 341C106427208E2E0039B4B5 /* SideBarPro.xcdatamodel */;
			path = SideBarPro.xcdatamodeld;
			sourceTree = "<group>";
			versionGroupType = wrapper.xcdatamodel;
		};
/* End XCVersionGroup section */
	};
	rootObject = 341C104F27208E2E0039B4B5 /* Project object */;
}
